PODS:
  - GoogleMaps (4.2.0):
    - GoogleMaps/Maps (= 4.2.0)
  - GoogleMaps/Base (4.2.0)
  - GoogleMaps/Maps (4.2.0):
    - GoogleMaps/Base
  - GooglePlaces (4.2.0):
    - GoogleMaps/Base (= 4.2.0)
  - iCarousel (1.8.3)
  - InputBarAccessoryView (5.3.1):
    - InputBarAccessoryView/Core (= 5.3.1)
  - InputBarAccessoryView/Core (5.3.1)
  - KeychainAccess (4.2.2)
  - MessageKit (3.6.1):
    - InputBarAccessoryView (~> 5.3.1)
  - PhoneNumberKit (3.3.3):
    - PhoneNumberKit/PhoneNumberKitCore (= 3.3.3)
    - PhoneNumberKit/UIKit (= 3.3.3)
  - PhoneNumberKit/PhoneNumberKitCore (3.3.3)
  - PhoneNumberKit/UIKit (3.3.3):
    - PhoneNumberKit/PhoneNumberKitCore
  - ReachabilitySwift (5.0.0)
  - SDWebImage (5.11.1):
    - SDWebImage/Core (= 5.11.1)
  - SDWebImage/Core (5.11.1)
  - SideMenu (6.5.0)
  - Starscream (4.0.4)
  - SwiftMaskTextfield (1.1.0)
  - SwiftStomp (1.0.5):
    - ReachabilitySwift (~> 5.0.0)
    - Starscream (~> 4.0.3)

DEPENDENCIES:
  - GoogleMaps (= 4.2.0)
  - GooglePlaces (= 4.2.0)
  - iCarousel
  - KeychainAccess
  - MessageKit
  - PhoneNumberKit (~> 3.3)
  - SDWebImage
  - SideMenu
  - SwiftMaskTextfield
  - SwiftStomp

SPEC REPOS:
  trunk:
    - GoogleMaps
    - GooglePlaces
    - iCarousel
    - InputBarAccessoryView
    - KeychainAccess
    - MessageKit
    - PhoneNumberKit
    - ReachabilitySwift
    - SDWebImage
    - SideMenu
    - Starscream
    - SwiftMaskTextfield
    - SwiftStomp

SPEC CHECKSUMS:
  GoogleMaps: eb03e327edfd70b06de1e6e321653f73712df7ad
  GooglePlaces: 196a9dd88580dcb3f3df46f415057703d0d2a310
  iCarousel: d782f635afac190c49bb8ee455882284cff8b85f
  InputBarAccessoryView: 1f75d8c9f75e5e57f3ffac36ed58635a8005e0bc
  KeychainAccess: c0c4f7f38f6fc7bbe58f5702e25f7bd2f65abf51
  MessageKit: d153fbbbcb12f3f4045a1ba8874298924dacfb62
  PhoneNumberKit: 4ce83273551c4d2ae10b7361162f4283dd02835f
  ReachabilitySwift: 985039c6f7b23a1da463388634119492ff86c825
  SDWebImage: a7f831e1a65eb5e285e3fb046a23fcfbf08e696d
  SideMenu: f583187d21c5b1dd04c72002be544b555a2627a2
  Starscream: 5178aed56b316f13fa3bc55694e583d35dd414d9
  SwiftMaskTextfield: 8c792e56f25779939d1fd5cf6153ba439b1be761
  SwiftStomp: bb16e710ad6be09a1980196d4e00540432b24305

PODFILE CHECKSUM: 8f0927cff0f5cf9c6c840378d7691ff2d5bdef12

COCOAPODS: 1.10.1
