PODS:
  - GoogleMaps (4.2.0):
    - GoogleMaps/Maps (= 4.2.0)
  - GoogleMaps/Base (4.2.0)
  - GoogleMaps/Maps (4.2.0):
    - GoogleMaps/Base
  - GooglePlaces (4.2.0):
    - GoogleMaps/Base (= 4.2.0)
  - iCarousel (1.8.3)
  - InputBarAccessoryView (5.3.1):
    - InputBarAccessoryView/Core (= 5.3.1)
  - InputBarAccessoryView/Core (5.3.1)
  - MessageKit (3.6.1):
    - InputBarAccessoryView (~> 5.3.1)
  - PhoneNumberKit (3.3.3):
    - PhoneNumberKit/PhoneNumberKitCore (= 3.3.3)
    - PhoneNumberKit/UIKit (= 3.3.3)
  - PhoneNumberKit/PhoneNumberKitCore (3.3.3)
  - PhoneNumberKit/UIKit (3.3.3):
    - PhoneNumberKit/PhoneNumberKitCore
  - SideMenu (6.5.0)
  - SwiftMaskTextfield (1.1.0)

DEPENDENCIES:
  - GoogleMaps (= 4.2.0)
  - GooglePlaces (= 4.2.0)
  - iCarousel
  - MessageKit
  - PhoneNumberKit (~> 3.3)
  - SideMenu
  - SwiftMaskTextfield

SPEC REPOS:
  trunk:
    - GoogleMaps
    - GooglePlaces
    - iCarousel
    - InputBarAccessoryView
    - MessageKit
    - PhoneNumberKit
    - SideMenu
    - SwiftMaskTextfield

SPEC CHECKSUMS:
  GoogleMaps: eb03e327edfd70b06de1e6e321653f73712df7ad
  GooglePlaces: 196a9dd88580dcb3f3df46f415057703d0d2a310
  iCarousel: d782f635afac190c49bb8ee455882284cff8b85f
  InputBarAccessoryView: 1f75d8c9f75e5e57f3ffac36ed58635a8005e0bc
  MessageKit: d153fbbbcb12f3f4045a1ba8874298924dacfb62
  PhoneNumberKit: 4ce83273551c4d2ae10b7361162f4283dd02835f
  SideMenu: f583187d21c5b1dd04c72002be544b555a2627a2
  SwiftMaskTextfield: 8c792e56f25779939d1fd5cf6153ba439b1be761

PODFILE CHECKSUM: 98a36003f4922fd30f615051c5392a73897eceff

COCOAPODS: 1.10.1
